
Microsoft Visual Studio Solution File, Format Version 12.00
# Visual Studio Version 17
VisualStudioVersion = 17.13.35931.197
MinimumVisualStudioVersion = 10.0.40219.1
Project("{FAE04EC0-301F-11D3-BF4B-00C04F79EFBC}") = "Books", "Books.csproj", "{A5701320-5DD4-486C-860E-39645ED59A21}"
	ProjectSection(ProjectDependencies) = postProject
		{69AEB68A-F34E-4E5A-8B0E-56392EA22FA2} = {69AEB68A-F34E-4E5A-8B0E-56392EA22FA2}
	EndProjectSection
EndProject
Project("{FAE04EC0-301F-11D3-BF4B-00C04F79EFBC}") = "ORM", "..\ORM\ORM.csproj", "{69AEB68A-F34E-4E5A-8B0E-56392EA22FA2}"
EndProject
Global
	GlobalSection(SolutionConfigurationPlatforms) = preSolution
		Debug|Any CPU = Debug|Any CPU
		Release|Any CPU = Release|Any CPU
	EndGlobalSection
	GlobalSection(ProjectConfigurationPlatforms) = postSolution
		{A5701320-5DD4-486C-860E-39645ED59A21}.Debug|Any CPU.ActiveCfg = Debug|Any CPU
		{A5701320-5DD4-486C-860E-39645ED59A21}.Debug|Any CPU.Build.0 = Debug|Any CPU
		{A5701320-5DD4-486C-860E-39645ED59A21}.Release|Any CPU.ActiveCfg = Release|Any CPU
		{A5701320-5DD4-486C-860E-39645ED59A21}.Release|Any CPU.Build.0 = Release|Any CPU
		{69AEB68A-F34E-4E5A-8B0E-56392EA22FA2}.Debug|Any CPU.ActiveCfg = Debug|Any CPU
		{69AEB68A-F34E-4E5A-8B0E-56392EA22FA2}.Debug|Any CPU.Build.0 = Debug|Any CPU
		{69AEB68A-F34E-4E5A-8B0E-56392EA22FA2}.Release|Any CPU.ActiveCfg = Release|Any CPU
		{69AEB68A-F34E-4E5A-8B0E-56392EA22FA2}.Release|Any CPU.Build.0 = Release|Any CPU
	EndGlobalSection
	GlobalSection(SolutionProperties) = preSolution
		HideSolutionNode = FALSE
	EndGlobalSection
	GlobalSection(ExtensibilityGlobals) = postSolution
		SolutionGuid = {41AC4F52-8BA4-45EE-8AC4-77199CCDC873}
	EndGlobalSection
EndGlobal
